// !$*UTF8*$!
{
	archiveVersion = 1;
	classes = {
	};
	objectVersion = 70;
	objects = {

/* Begin PBXBuildFile section */
		B0000000000000000000C /* Components.swift in Sources */ = {isa = PBXBuildFile; fileRef = F00000000000000000001 /* Components.swift */; };
		B0000000000000000000D /* CourseCatalog.swift in Sources */ = {isa = PBXBuildFile; fileRef = F00000000000000000002 /* CourseCatalog.swift */; };
		B0000000000000000000E /* ExerciseView.swift in Sources */ = {isa = PBXBuildFile; fileRef = F00000000000000000003 /* ExerciseView.swift */; };
		B0000000000000000000F /* LessonDetailView.swift in Sources */ = {isa = PBXBuildFile; fileRef = F00000000000000000004 /* LessonDetailView.swift */; };
		B00000000000000000010 /* Models.swift in Sources */ = {isa = PBXBuildFile; fileRef = F00000000000000000005 /* Models.swift */; };
		B00000000000000000011 /* PlaygroundView.swift in Sources */ = {isa = PBXBuildFile; fileRef = F00000000000000000006 /* PlaygroundView.swift */; };
		B00000000000000000012 /* ProgressDashboardView.swift in Sources */ = {isa = PBXBuildFile; fileRef = F00000000000000000007 /* ProgressDashboardView.swift */; };
		B00000000000000000013 /* ProgressStore.swift in Sources */ = {isa = PBXBuildFile; fileRef = F00000000000000000008 /* ProgressStore.swift */; };
		B00000000000000000014 /* RegexEngine.swift in Sources */ = {isa = PBXBuildFile; fileRef = F00000000000000000009 /* RegexEngine.swift */; };
		B00000000000000000015 /* RegexDojoApp.swift in Sources */ = {isa = PBXBuildFile; fileRef = F0000000000000000000A /* RegexDojoApp.swift */; };
		B00000000000000000016 /* RootView.swift in Sources */ = {isa = PBXBuildFile; fileRef = F0000000000000000000B /* RootView.swift */; };
		B00000000000000000017 /* AppSettings.swift in Sources */ = {isa = PBXBuildFile; fileRef = F0000000000000000000C /* AppSettings.swift */; };
		B00000000000000000018 /* FontManager.swift in Sources */ = {isa = PBXBuildFile; fileRef = F0000000000000000000D /* FontManager.swift */; };
		B00000000000000000019 /* CourseRouter.swift in Sources */ = {isa = PBXBuildFile; fileRef = F0000000000000000000E /* CourseRouter.swift */; };
		B0000000000000000001A /* AIAssistantView.swift in Sources */ = {isa = PBXBuildFile; fileRef = F0000000000000000000F /* AIAssistantView.swift */; };
		B0000000000000000001B /* LessonCompletionView.swift in Sources */ = {isa = PBXBuildFile; fileRef = F00000000000000000010 /* LessonCompletionView.swift */; };
		B0000000000000000001C /* SettingsView.swift in Sources */ = {isa = PBXBuildFile; fileRef = F00000000000000000011 /* SettingsView.swift */; };
		B0000000000000000001D /* Assets.xcassets in Resources */ = {isa = PBXBuildFile; fileRef = F00000000000000000012 /* Assets.xcassets */; };
/* End PBXBuildFile section */

/* Begin PBXFileReference section */
		2A3E3F503051AF3600E6D0FC /* RegexDojo.entitlements */ = {isa = PBXFileReference; lastKnownFileType = text.plist.entitlements; path = RegexDojo.entitlements; sourceTree = "<group>"; };
		2A5127F23051B91E00312FC8 /* Info.plist */ = {isa = PBXFileReference; lastKnownFileType = text.plist; path = Info.plist; sourceTree = "<group>"; };
		2AD789DE3051A40200BBF006 /* Info.plist */ = {isa = PBXFileReference; lastKnownFileType = text.plist.xml; path = Info.plist; sourceTree = "<group>"; };
		2AE23BE23051EA7500E27165 /* UIKit.framework */ = {isa = PBXFileReference; lastKnownFileType = wrapper.framework; name = UIKit.framework; path = Platforms/MacOSX.platform/Developer/SDKs/MacOSX27.0.sdk/System/iOSSupport/System/Library/Frameworks/UIKit.framework; sourceTree = DEVELOPER_DIR; };
		2AE23BE43051EAC200E27165 /* _Testing_UIKit.framework */ = {isa = PBXFileReference; lastKnownFileType = wrapper.framework; name = _Testing_UIKit.framework; path = Platforms/MacOSX.platform/Developer/Library/Frameworks/_Testing_UIKit.framework; sourceTree = DEVELOPER_DIR; };
		2AE23BE53051EAC200E27165 /* StoreKitTest.framework */ = {isa = PBXFileReference; lastKnownFileType = wrapper.framework; name = StoreKitTest.framework; path = Platforms/MacOSX.platform/Developer/Library/Frameworks/StoreKitTest.framework; sourceTree = DEVELOPER_DIR; };
		2AE23BE63051EAC200E27165 /* Evaluations.framework */ = {isa = PBXFileReference; lastKnownFileType = wrapper.framework; name = Evaluations.framework; path = Platforms/MacOSX.platform/Developer/Library/Frameworks/Evaluations.framework; sourceTree = DEVELOPER_DIR; };
		2AE23BE73051EAC200E27165 /* XCTest.framework */ = {isa = PBXFileReference; lastKnownFileType = wrapper.framework; name = XCTest.framework; path = Platforms/MacOSX.platform/Developer/Library/Frameworks/XCTest.framework; sourceTree = DEVELOPER_DIR; };
		2AE23BE83051EAC200E27165 /* Testing.framework */ = {isa = PBXFileReference; lastKnownFileType = wrapper.framework; name = Testing.framework; path = Platforms/MacOSX.platform/Developer/Library/Frameworks/Testing.framework; sourceTree = DEVELOPER_DIR; };
		2AE23BEE3051EACE00E27165 /* Accounts.framework */ = {isa = PBXFileReference; lastKnownFileType = wrapper.framework; name = Accounts.framework; path = Platforms/MacOSX.platform/Developer/SDKs/MacOSX27.0.sdk/System/Library/Frameworks/Accounts.framework; sourceTree = DEVELOPER_DIR; };
		2AE23BF03051EAE600E27165 /* AdSupport.framework */ = {isa = PBXFileReference; lastKnownFileType = wrapper.framework; name = AdSupport.framework; path = Platforms/MacOSX.platform/Developer/SDKs/MacOSX27.0.sdk/System/Library/Frameworks/AdSupport.framework; sourceTree = DEVELOPER_DIR; };
		2AE23BF13051EAE600E27165 /* AdServices.framework */ = {isa = PBXFileReference; lastKnownFileType = wrapper.framework; name = AdServices.framework; path = Platforms/MacOSX.platform/Developer/SDKs/MacOSX27.0.sdk/System/Library/Frameworks/AdServices.framework; sourceTree = DEVELOPER_DIR; };
		2AE23BF43051EB1D00E27165 /* OSLog.framework */ = {isa = PBXFileReference; lastKnownFileType = wrapper.framework; name = OSLog.framework; path = Platforms/MacOSX.platform/Developer/SDKs/MacOSX27.0.sdk/System/Library/Frameworks/OSLog.framework; sourceTree = DEVELOPER_DIR; };
		2AE23BF63051EB4500E27165 /* AppIntentsTesting.framework */ = {isa = PBXFileReference; lastKnownFileType = wrapper.framework; name = AppIntentsTesting.framework; path = Platforms/MacOSX.platform/Developer/Library/Frameworks/AppIntentsTesting.framework; sourceTree = DEVELOPER_DIR; };
		F00000000000000000001 /* Components.swift */ = {isa = PBXFileReference; lastKnownFileType = sourcecode.swift; path = Components.swift; sourceTree = "<group>"; };
		F00000000000000000002 /* CourseCatalog.swift */ = {isa = PBXFileReference; lastKnownFileType = sourcecode.swift; path = CourseCatalog.swift; sourceTree = "<group>"; };
		F00000000000000000003 /* ExerciseView.swift */ = {isa = PBXFileReference; lastKnownFileType = sourcecode.swift; path = ExerciseView.swift; sourceTree = "<group>"; };
		F00000000000000000004 /* LessonDetailView.swift */ = {isa = PBXFileReference; lastKnownFileType = sourcecode.swift; path = LessonDetailView.swift; sourceTree = "<group>"; };
		F00000000000000000005 /* Models.swift */ = {isa = PBXFileReference; lastKnownFileType = sourcecode.swift; path = Models.swift; sourceTree = "<group>"; };
		F00000000000000000006 /* PlaygroundView.swift */ = {isa = PBXFileReference; lastKnownFileType = sourcecode.swift; path = PlaygroundView.swift; sourceTree = "<group>"; };
		F00000000000000000007 /* ProgressDashboardView.swift */ = {isa = PBXFileReference; lastKnownFileType = sourcecode.swift; path = ProgressDashboardView.swift; sourceTree = "<group>"; };
		F00000000000000000008 /* ProgressStore.swift */ = {isa = PBXFileReference; lastKnownFileType = sourcecode.swift; path = ProgressStore.swift; sourceTree = "<group>"; };
		F00000000000000000009 /* RegexEngine.swift */ = {isa = PBXFileReference; lastKnownFileType = sourcecode.swift; path = RegexEngine.swift; sourceTree = "<group>"; };
		F0000000000000000000A /* RegexDojoApp.swift */ = {isa = PBXFileReference; lastKnownFileType = sourcecode.swift; path = RegexDojoApp.swift; sourceTree = "<group>"; };
		F0000000000000000000B /* RootView.swift */ = {isa = PBXFileReference; lastKnownFileType = sourcecode.swift; path = RootView.swift; sourceTree = "<group>"; };
		F0000000000000000000C /* AppSettings.swift */ = {isa = PBXFileReference; lastKnownFileType = sourcecode.swift; path = AppSettings.swift; sourceTree = "<group>"; };
		F0000000000000000000D /* FontManager.swift */ = {isa = PBXFileReference; lastKnownFileType = sourcecode.swift; path = FontManager.swift; sourceTree = "<group>"; };
		F0000000000000000000E /* CourseRouter.swift */ = {isa = PBXFileReference; lastKnownFileType = sourcecode.swift; path = CourseRouter.swift; sourceTree = "<group>"; };
		F0000000000000000000F /* AIAssistantView.swift */ = {isa = PBXFileReference; lastKnownFileType = sourcecode.swift; path = AIAssistantView.swift; sourceTree = "<group>"; };
		F00000000000000000010 /* LessonCompletionView.swift */ = {isa = PBXFileReference; lastKnownFileType = sourcecode.swift; path = LessonCompletionView.swift; sourceTree = "<group>"; };
		F00000000000000000011 /* SettingsView.swift */ = {isa = PBXFileReference; lastKnownFileType = sourcecode.swift; path = SettingsView.swift; sourceTree = "<group>"; };
		F00000000000000000012 /* Assets.xcassets */ = {isa = PBXFileReference; lastKnownFileType = folder.assetcatalog; path = Assets.xcassets; sourceTree = "<group>"; };
		R0000000000000000001C /* RegexDojo.app */ = {isa = PBXFileReference; explicitFileType = wrapper.application; includeInIndex = 0; path = RegexDojo.app; sourceTree = BUILT_PRODUCTS_DIR; };
/* End PBXFileReference section */

/* Begin PBXFileSystemSynchronizedRootGroup section */
		2A5127F83051BE6D00312FC8 /* RegexDogoTest */ = {isa = PBXFileSystemSynchronizedRootGroup; explicitFileTypes = {}; explicitFolders = (); path = RegexDogoTest; sourceTree = "<group>"; };
/* End PBXFileSystemSynchronizedRootGroup section */

/* Begin PBXFrameworksBuildPhase section */
		K0000000000000000001E /* Frameworks */ = {
			isa = PBXFrameworksBuildPhase;
			buildActionMask = 2147483647;
			files = (
			);
			runOnlyForDeploymentPostprocessing = 0;
		};
/* End PBXFrameworksBuildPhase section */

/* Begin PBXGroup section */
		2AE23BE13051EA7500E27165 /* Frameworks */ = {
			isa = PBXGroup;
			children = (
				2AE23BF63051EB4500E27165 /* AppIntentsTesting.framework */,
				2AE23BF43051EB1D00E27165 /* OSLog.framework */,
				2AE23BF13051EAE600E27165 /* AdServices.framework */,
				2AE23BF03051EAE600E27165 /* AdSupport.framework */,
				2AE23BEE3051EACE00E27165 /* Accounts.framework */,
				2AE23BE43051EAC200E27165 /* _Testing_UIKit.framework */,
				2AE23BE63051EAC200E27165 /* Evaluations.framework */,
				2AE23BE53051EAC200E27165 /* StoreKitTest.framework */,
				2AE23BE83051EAC200E27165 /* Testing.framework */,
				2AE23BE73051EAC200E27165 /* XCTest.framework */,
				2AE23BE23051EA7500E27165 /* UIKit.framework */,
			);
			name = Frameworks;
			sourceTree = "<group>";
		};
		G00000000000000000018 = {
			isa = PBXGroup;
			children = (
				G00000000000000000019 /* RegexDojo */,
				2AD789DE3051A40200BBF006 /* Info.plist */,
				2A3E3F503051AF3600E6D0FC /* RegexDojo.entitlements */,
				2A5127F83051BE6D00312FC8 /* RegexDogoTest */,
				2AE23BE13051EA7500E27165 /* Frameworks */,
				G0000000000000000001A /* Products */,
			);
			sourceTree = "<group>";
		};
		G00000000000000000019 /* RegexDojo */ = {
			isa = PBXGroup;
			children = (
				2A5127F23051B91E00312FC8 /* Info.plist */,
				F00000000000000000001 /* Components.swift */,
				F00000000000000000002 /* CourseCatalog.swift */,
				F00000000000000000003 /* ExerciseView.swift */,
				F00000000000000000004 /* LessonDetailView.swift */,
				F00000000000000000005 /* Models.swift */,
				F00000000000000000006 /* PlaygroundView.swift */,
				F00000000000000000007 /* ProgressDashboardView.swift */,
				F00000000000000000008 /* ProgressStore.swift */,
				F00000000000000000009 /* RegexEngine.swift */,
				F0000000000000000000A /* RegexDojoApp.swift */,
				F0000000000000000000B /* RootView.swift */,
				F0000000000000000000C /* AppSettings.swift */,
				F0000000000000000000D /* FontManager.swift */,
				F0000000000000000000E /* CourseRouter.swift */,
				F0000000000000000000F /* AIAssistantView.swift */,
				F00000000000000000010 /* LessonCompletionView.swift */,
				F00000000000000000011 /* SettingsView.swift */,
				F00000000000000000012 /* Assets.xcassets */,
			);
			path = RegexDojo;
			sourceTree = "<group>";
		};
		G0000000000000000001A /* Products */ = {
			isa = PBXGroup;
			children = (
				R0000000000000000001C /* RegexDojo.app */,
			);
			name = Products;
			sourceTree = "<group>";
		};
/* End PBXGroup section */

/* Begin PBXNativeTarget section */
		T0000000000000000001B /* RegexDojo */ = {
			isa = PBXNativeTarget;
			buildConfigurationList = C00000000000000000021 /* Build configuration list for PBXNativeTarget "RegexDojo" */;
			buildPhases = (
				S0000000000000000001D /* Sources */,
				K0000000000000000001E /* Frameworks */,
				Q0000000000000000001F /* Resources */,
			);
			buildRules = (
			);
			dependencies = (
			);
			name = RegexDojo;
			productName = RegexDojo;
			productReference = R0000000000000000001C /* RegexDojo.app */;
			productType = "com.apple.product-type.application";
		};
/* End PBXNativeTarget section */

/* Begin PBXProject section */
		P00000000000000000017 /* Project object */ = {
			isa = PBXProject;
			attributes = {
				BuildIndependentTargetsInParallel = 1;
				LastSwiftUpdateCheck = 2700;
				LastUpgradeCheck = 2700;
				TargetAttributes = {
					T0000000000000000001B = {
						CreatedOnToolsVersion = 16.0;
						SystemCapabilities = {
							com.apple.iCloud = {
								enabled = 1;
							};
						};
					};
				};
			};
			buildConfigurationList = C00000000000000000020 /* Build configuration list for PBXProject "RegexDojo" */;
			compatibilityVersion = "Xcode 14.0";
			developmentRegion = en;
			hasScannedForEncodings = 0;
			knownRegions = (
				en,
				Base,
			);
			mainGroup = G00000000000000000018;
			packageReferences = (
				2AE23BFB3051EC0700E27165 /* XCRemoteSwiftPackageReference "swift-collections" */,
				2AE23C0E3051EC8500E27165 /* XCRemoteSwiftPackageReference "swift-argument-parser" */,
			);
			productRefGroup = G0000000000000000001A /* Products */;
			projectDirPath = "";
			projectRoot = "";
			targets = (
				T0000000000000000001B /* RegexDojo */,
			);
		};
/* End PBXProject section */

/* Begin PBXResourcesBuildPhase section */
		Q0000000000000000001F /* Resources */ = {
			isa = PBXResourcesBuildPhase;
			buildActionMask = 2147483647;
			files = (
				B0000000000000000001D /* Assets.xcassets in Resources */,
			);
			runOnlyForDeploymentPostprocessing = 0;
		};
/* End PBXResourcesBuildPhase section */

/* Begin PBXSourcesBuildPhase section */
		S0000000000000000001D /* Sources */ = {
			isa = PBXSourcesBuildPhase;
			buildActionMask = 2147483647;
			files = (
				B0000000000000000000C /* Components.swift in Sources */,
				B0000000000000000000D /* CourseCatalog.swift in Sources */,
				B0000000000000000000E /* ExerciseView.swift in Sources */,
				B0000000000000000000F /* LessonDetailView.swift in Sources */,
				B00000000000000000010 /* Models.swift in Sources */,
				B00000000000000000011 /* PlaygroundView.swift in Sources */,
				B00000000000000000012 /* ProgressDashboardView.swift in Sources */,
				B00000000000000000013 /* ProgressStore.swift in Sources */,
				B00000000000000000014 /* RegexEngine.swift in Sources */,
				B00000000000000000015 /* RegexDojoApp.swift in Sources */,
				B00000000000000000016 /* RootView.swift in Sources */,
				B00000000000000000017 /* AppSettings.swift in Sources */,
				B00000000000000000018 /* FontManager.swift in Sources */,
				B00000000000000000019 /* CourseRouter.swift in Sources */,
				B0000000000000000001A /* AIAssistantView.swift in Sources */,
				B0000000000000000001B /* LessonCompletionView.swift in Sources */,
				B0000000000000000001C /* SettingsView.swift in Sources */,
			);
			runOnlyForDeploymentPostprocessing = 0;
		};
/* End PBXSourcesBuildPhase section */

/* Begin XCBuildConfiguration section */
		D00000000000000000022 /* Debug */ = {
			isa = XCBuildConfiguration;
			buildSettings = {
				ALLOW_TARGET_PLATFORM_SPECIALIZATION = YES;
				ASSETCATALOG_COMPILER_GENERATE_SWIFT_ASSET_SYMBOL_EXTENSIONS = YES;
				CLANG_ENABLE_MODULES = YES;
				CLANG_ENABLE_OBJC_ARC = YES;
				CLANG_WARN_BLOCK_CAPTURE_AUTORELEASING = YES;
				CLANG_WARN_BOOL_CONVERSION = YES;
				CLANG_WARN_COMMA = YES;
				CLANG_WARN_CONSTANT_CONVERSION = YES;
				CLANG_WARN_DEPRECATED_OBJC_IMPLEMENTATIONS = YES;
				CLANG_WARN_EMPTY_BODY = YES;
				CLANG_WARN_ENUM_CONVERSION = YES;
				CLANG_WARN_INFINITE_RECURSION = YES;
				CLANG_WARN_INT_CONVERSION = YES;
				CLANG_WARN_NON_LITERAL_NULL_CONVERSION = YES;
				CLANG_WARN_OBJC_IMPLICIT_RETAIN_SELF = YES;
				CLANG_WARN_OBJC_LITERAL_CONVERSION = YES;
				CLANG_WARN_QUOTED_INCLUDE_IN_FRAMEWORK_HEADER = YES;
				CLANG_WARN_RANGE_LOOP_ANALYSIS = YES;
				CLANG_WARN_STRICT_PROTOTYPES = YES;
				CLANG_WARN_SUSPICIOUS_MOVE = YES;
				CLANG_WARN_UNREACHABLE_CODE = YES;
				CLANG_WARN__DUPLICATE_METHOD_MATCH = YES;
				CODE_SIGN_IDENTITY = "Tyler Hostager (tyh24647)";
				CODE_SIGN_INJECT_BASE_ENTITLEMENTS = YES;
				CODE_SIGN_STYLE = Automatic;
				DEBUG_INFORMATION_FORMAT = dwarf;
				DERIVE_MACCATALYST_PRODUCT_BUNDLE_IDENTIFIER = YES;
				DEVELOPMENT_TEAM = GZ6B7VNBWJ;
				ENABLE_INCOMING_NETWORK_CONNECTIONS = NO;
				ENABLE_OUTGOING_NETWORK_CONNECTIONS = NO;
				ENABLE_STRICT_OBJC_MSGSEND = YES;
				ENABLE_TESTABILITY = YES;
				ENABLE_USER_SCRIPT_SANDBOXING = YES;
				GCC_C_LANGUAGE_STANDARD = gnu17;
				GCC_NO_COMMON_BLOCKS = YES;
				GCC_OPTIMIZATION_LEVEL = 0;
				GCC_WARN_64_TO_32_BIT_CONVERSION = YES;
				GCC_WARN_ABOUT_RETURN_TYPE = YES;
				GCC_WARN_UNDECLARED_SELECTOR = YES;
				GCC_WARN_UNINITIALIZED_AUTOS = YES;
				GCC_WARN_UNUSED_FUNCTION = YES;
				GCC_WARN_UNUSED_VARIABLE = YES;
				INFOPLIST_KEY_LSApplicationCategoryType = "public.app-category.education";
				INFOPLIST_KEY_UISupportedInterfaceOrientations = "";
				IPHONEOS_DEPLOYMENT_TARGET = 26.0;
				ONLY_ACTIVE_ARCH = YES;
				PROVISIONING_PROFILE_SPECIFIER = "";
				RUNTIME_EXCEPTION_ALLOW_JIT = NO;
				RUNTIME_EXCEPTION_ALLOW_UNSIGNED_EXECUTABLE_MEMORY = NO;
				RUNTIME_EXCEPTION_DEBUGGING_TOOL = NO;
				SDKROOT = iphoneos;
				STRING_CATALOG_GENERATE_SYMBOLS = YES;
				SUPPORTED_PLATFORMS = "macosx iphonesimulator iphoneos";
				SUPPORTS_MACCATALYST = YES;
				SUPPORTS_MAC_DESIGNED_FOR_IPHONE_IPAD = YES;
				SWIFT_ACTIVE_COMPILATION_CONDITIONS = DEBUG;
				SWIFT_OPTIMIZATION_LEVEL = "-O";
				SWIFT_SKIP_AUTOLINKING_FRAMEWORKS = No;
				SWIFT_SKIP_AUTOLINKING_LIBRARIES = No;
				SWIFT_VERSION = 6.0;
			};
			name = Debug;
		};
		D00000000000000000023 /* Release */ = {
			isa = XCBuildConfiguration;
			buildSettings = {
				ALLOW_TARGET_PLATFORM_SPECIALIZATION = YES;
				ASSETCATALOG_COMPILER_GENERATE_SWIFT_ASSET_SYMBOL_EXTENSIONS = YES;
				CLANG_ENABLE_MODULES = YES;
				CLANG_ENABLE_OBJC_ARC = YES;
				CLANG_WARN_BLOCK_CAPTURE_AUTORELEASING = YES;
				CLANG_WARN_BOOL_CONVERSION = YES;
				CLANG_WARN_COMMA = YES;
				CLANG_WARN_CONSTANT_CONVERSION = YES;
				CLANG_WARN_DEPRECATED_OBJC_IMPLEMENTATIONS = YES;
				CLANG_WARN_EMPTY_BODY = YES;
				CLANG_WARN_ENUM_CONVERSION = YES;
				CLANG_WARN_INFINITE_RECURSION = YES;
				CLANG_WARN_INT_CONVERSION = YES;
				CLANG_WARN_NON_LITERAL_NULL_CONVERSION = YES;
				CLANG_WARN_OBJC_IMPLICIT_RETAIN_SELF = YES;
				CLANG_WARN_OBJC_LITERAL_CONVERSION = YES;
				CLANG_WARN_QUOTED_INCLUDE_IN_FRAMEWORK_HEADER = YES;
				CLANG_WARN_RANGE_LOOP_ANALYSIS = YES;
				CLANG_WARN_STRICT_PROTOTYPES = YES;
				CLANG_WARN_SUSPICIOUS_MOVE = YES;
				CLANG_WARN_UNREACHABLE_CODE = YES;
				CLANG_WARN__DUPLICATE_METHOD_MATCH = YES;
				CODE_SIGN_IDENTITY = "Tyler Hostager (tyh24647)";
				CODE_SIGN_INJECT_BASE_ENTITLEMENTS = YES;
				CODE_SIGN_STYLE = Automatic;
				DEBUG_INFORMATION_FORMAT = "dwarf-with-dsym";
				DERIVE_MACCATALYST_PRODUCT_BUNDLE_IDENTIFIER = YES;
				DEVELOPMENT_TEAM = GZ6B7VNBWJ;
				ENABLE_INCOMING_NETWORK_CONNECTIONS = NO;
				ENABLE_OUTGOING_NETWORK_CONNECTIONS = NO;
				ENABLE_STRICT_OBJC_MSGSEND = YES;
				ENABLE_USER_SCRIPT_SANDBOXING = YES;
				GCC_C_LANGUAGE_STANDARD = gnu17;
				GCC_NO_COMMON_BLOCKS = YES;
				GCC_WARN_64_TO_32_BIT_CONVERSION = YES;
				GCC_WARN_ABOUT_RETURN_TYPE = YES;
				GCC_WARN_UNDECLARED_SELECTOR = YES;
				GCC_WARN_UNINITIALIZED_AUTOS = YES;
				GCC_WARN_UNUSED_FUNCTION = YES;
				GCC_WARN_UNUSED_VARIABLE = YES;
				INFOPLIST_KEY_LSApplicationCategoryType = "public.app-category.education";
				INFOPLIST_KEY_UISupportedInterfaceOrientations = "";
				IPHONEOS_DEPLOYMENT_TARGET = 26.0;
				PROVISIONING_PROFILE_SPECIFIER = "";
				RUNTIME_EXCEPTION_ALLOW_JIT = NO;
				RUNTIME_EXCEPTION_ALLOW_UNSIGNED_EXECUTABLE_MEMORY = NO;
				RUNTIME_EXCEPTION_DEBUGGING_TOOL = NO;
				SDKROOT = iphoneos;
				STRING_CATALOG_GENERATE_SYMBOLS = YES;
				SUPPORTED_PLATFORMS = "macosx iphonesimulator iphoneos";
				SUPPORTS_MACCATALYST = YES;
				SUPPORTS_MAC_DESIGNED_FOR_IPHONE_IPAD = YES;
				SWIFT_COMPILATION_MODE = wholemodule;
				SWIFT_OPTIMIZATION_LEVEL = "-O";
				SWIFT_SKIP_AUTOLINKING_FRAMEWORKS = No;
				SWIFT_SKIP_AUTOLINKING_LIBRARIES = No;
				SWIFT_VERSION = 6.0;
				VALIDATE_PRODUCT = YES;
			};
			name = Release;
		};
		D00000000000000000024 /* Debug */ = {
			isa = XCBuildConfiguration;
			buildSettings = {
				ADDITIONAL_SDKS = "";
				ALLOW_TARGET_PLATFORM_SPECIALIZATION = YES;
				ASSETCATALOG_COMPILER_APPICON_NAME = AppIcon;
				ASSETCATALOG_COMPILER_INCLUDE_ALL_APPICON_ASSETS = YES;
				CODE_SIGN_ENTITLEMENTS = RegexDojo/RegexDojo.entitlements;
				CODE_SIGN_IDENTITY = "Apple Development";
				"CODE_SIGN_IDENTITY[sdk=macosx*]" = "-";
				CODE_SIGN_STYLE = Automatic;
				CURRENT_PROJECT_VERSION = 2;
				DEVELOPMENT_ASSET_PATHS = RegexDojo/Assets.xcassets;
				DEVELOPMENT_TEAM = GZ6B7VNBWJ;
				ENABLE_PREVIEWS = YES;
				EXCLUDED_ARCHS = "";
				GENERATE_INFOPLIST_FILE = YES;
				INFOPLIST_FILE = RegexDojo/Info.plist;
				INFOPLIST_KEY_CFBundleDisplayName = RegexDojo;
				INFOPLIST_KEY_LSApplicationCategoryType = "public.app-category.education";
				INFOPLIST_KEY_NSHumanReadableCopyright = "Copyright © 2026 tyh24647. All rights reserved.";
				INFOPLIST_KEY_UIApplicationSceneManifest_Generation = YES;
				INFOPLIST_KEY_UILaunchScreen_Generation = YES;
				INFOPLIST_KEY_UILaunchStoryboardName = "";
				INFOPLIST_KEY_UISupportedInterfaceOrientations = "UIInterfaceOrientationLandscapeLeft UIInterfaceOrientationLandscapeRight UIInterfaceOrientationPortrait UIInterfaceOrientationPortraitUpsideDown";
				IPHONEOS_DEPLOYMENT_TARGET = 26.0;
				MARKETING_VERSION = 1.0;
				PRODUCT_BUNDLE_IDENTIFIER = com.tyh24647.RegexDojo;
				PRODUCT_NAME = "$(TARGET_NAME)";
				PROVISIONING_PROFILE_SPECIFIER = "";
				REGEXDOJO_DEVELOPER_ACCOUNT = "tyh24647@gmail.com";
				REGEXDOJO_TEST_DEVICE_UDID = "00008150-000579EE3E40401C";
				SDKROOT = iphoneos;
				SUPPORTED_PLATFORMS = "iphoneos iphonesimulator macosx";
				SUPPORTS_MACCATALYST = YES;
				SUPPORTS_XR_DESIGNED_FOR_IPHONE_IPAD = NO;
				SWIFT_EMIT_LOC_STRINGS = YES;
				SWIFT_VERSION = 5.0;
				TARGETED_DEVICE_FAMILY = "1,2";
			};
			name = Debug;
		};
		D00000000000000000025 /* Release */ = {
			isa = XCBuildConfiguration;
			buildSettings = {
				ADDITIONAL_SDKS = "";
				ALLOW_TARGET_PLATFORM_SPECIALIZATION = YES;
				ASSETCATALOG_COMPILER_APPICON_NAME = AppIcon;
				ASSETCATALOG_COMPILER_INCLUDE_ALL_APPICON_ASSETS = YES;
				CODE_SIGN_ENTITLEMENTS = RegexDojo/RegexDojo.entitlements;
				CODE_SIGN_IDENTITY = "Apple Development";
				"CODE_SIGN_IDENTITY[sdk=macosx*]" = "-";
				CODE_SIGN_STYLE = Automatic;
				CURRENT_PROJECT_VERSION = 2;
				DEVELOPMENT_ASSET_PATHS = RegexDojo/Assets.xcassets;
				DEVELOPMENT_TEAM = GZ6B7VNBWJ;
				ENABLE_PREVIEWS = YES;
				EXCLUDED_ARCHS = "";
				GENERATE_INFOPLIST_FILE = YES;
				INFOPLIST_FILE = RegexDojo/Info.plist;
				INFOPLIST_KEY_CFBundleDisplayName = RegexDojo;
				INFOPLIST_KEY_LSApplicationCategoryType = "public.app-category.education";
				INFOPLIST_KEY_NSHumanReadableCopyright = "Copyright © 2026 tyh24647. All rights reserved.";
				INFOPLIST_KEY_UIApplicationSceneManifest_Generation = YES;
				INFOPLIST_KEY_UILaunchScreen_Generation = YES;
				INFOPLIST_KEY_UILaunchStoryboardName = "";
				INFOPLIST_KEY_UISupportedInterfaceOrientations = "UIInterfaceOrientationLandscapeLeft UIInterfaceOrientationLandscapeRight UIInterfaceOrientationPortrait UIInterfaceOrientationPortraitUpsideDown";
				IPHONEOS_DEPLOYMENT_TARGET = 26.0;
				MARKETING_VERSION = 1.0;
				PRODUCT_BUNDLE_IDENTIFIER = com.tyh24647.RegexDojo;
				PRODUCT_NAME = "$(TARGET_NAME)";
				PROVISIONING_PROFILE_SPECIFIER = "";
				REGEXDOJO_DEVELOPER_ACCOUNT = "tyh24647@gmail.com";
				REGEXDOJO_TEST_DEVICE_UDID = "00008150-000579EE3E40401C";
				SDKROOT = iphoneos;
				SUPPORTED_PLATFORMS = "iphoneos iphonesimulator macosx";
				SUPPORTS_MACCATALYST = YES;
				SUPPORTS_XR_DESIGNED_FOR_IPHONE_IPAD = NO;
				SWIFT_EMIT_LOC_STRINGS = YES;
				SWIFT_VERSION = 5.0;
				TARGETED_DEVICE_FAMILY = "1,2";
			};
			name = Release;
		};
/* End XCBuildConfiguration section */

/* Begin XCConfigurationList section */
		C00000000000000000020 /* Build configuration list for PBXProject "RegexDojo" */ = {
			isa = XCConfigurationList;
			buildConfigurations = (
				D00000000000000000022 /* Debug */,
				D00000000000000000023 /* Release */,
			);
			defaultConfigurationIsVisible = 0;
			defaultConfigurationName = Release;
		};
		C00000000000000000021 /* Build configuration list for PBXNativeTarget "RegexDojo" */ = {
			isa = XCConfigurationList;
			buildConfigurations = (
				D00000000000000000024 /* Debug */,
				D00000000000000000025 /* Release */,
			);
			defaultConfigurationIsVisible = 0;
			defaultConfigurationName = Release;
		};
/* End XCConfigurationList section */

/* Begin XCRemoteSwiftPackageReference section */
		2AE23BFB3051EC0700E27165 /* XCRemoteSwiftPackageReference "swift-collections" */ = {
			isa = XCRemoteSwiftPackageReference;
			repositoryURL = "https://github.com/apple/swift-collections.git";
			requirement = {
				kind = upToNextMajorVersion;
				minimumVersion = 1.6.0;
			};
		};
		2AE23C0E3051EC8500E27165 /* XCRemoteSwiftPackageReference "swift-argument-parser" */ = {
			isa = XCRemoteSwiftPackageReference;
			repositoryURL = "https://github.com/apple/swift-argument-parser.git";
			requirement = {
				kind = upToNextMajorVersion;
				minimumVersion = 1.8.2;
			};
		};
/* End XCRemoteSwiftPackageReference section */
	};
	rootObject = P00000000000000000017 /* Project object */;
}
